// !$*UTF8*$!
{
	archiveVersion = 1;
	classes = {
	};
	objectVersion = 46;
	objects = {

/* Begin PBXBuildFile section */
		2D57B8781942D05A001E5F28 /* Foundation.framework in Frameworks */ = {isa = PBXBuildFile; fileRef = 2D57B8771942D05A001E5F28 /* Foundation.framework */; };
		2D57B87A1942D05A001E5F28 /* CoreGraphics.framework in Frameworks */ = {isa = PBXBuildFile; fileRef = 2D57B8791942D05A001E5F28 /* CoreGraphics.framework */; };
		2D57B87C1942D05A001E5F28 /* UIKit.framework in Frameworks */ = {isa = PBXBuildFile; fileRef = 2D57B87B1942D05A001E5F28 /* UIKit.framework */; };
		2D57B8821942D05A001E5F28 /* InfoPlist.strings in Resources */ = {isa = PBXBuildFile; fileRef = 2D57B8801942D05A001E5F28 /* InfoPlist.strings */; };
		2D57B8841942D05A001E5F28 /* main.m in Sources */ = {isa = PBXBuildFile; fileRef = 2D57B8831942D05A001E5F28 /* main.m */; };
		2D57B8881942D05A001E5F28 /* DJDAppDelegate.m in Sources */ = {isa = PBXBuildFile; fileRef = 2D57B8871942D05A001E5F28 /* DJDAppDelegate.m */; };
		2D57B88B1942D05A001E5F28 /* Main.storyboard in Resources */ = {isa = PBXBuildFile; fileRef = 2D57B8891942D05A001E5F28 /* Main.storyboard */; };
		2D57B88E1942D05A001E5F28 /* DJDViewController.m in Sources */ = {isa = PBXBuildFile; fileRef = 2D57B88D1942D05A001E5F28 /* DJDViewController.m */; };
		2D57B8901942D05A001E5F28 /* Images.xcassets in Resources */ = {isa = PBXBuildFile; fileRef = 2D57B88F1942D05A001E5F28 /* Images.xcassets */; };
		2D57B8971942D05B001E5F28 /* XCTest.framework in Frameworks */ = {isa = PBXBuildFile; fileRef = 2D57B8961942D05B001E5F28 /* XCTest.framework */; };
		2D57B8981942D05B001E5F28 /* Foundation.framework in Frameworks */ = {isa = PBXBuildFile; fileRef = 2D57B8771942D05A001E5F28 /* Foundation.framework */; };
		2D57B8991942D05B001E5F28 /* UIKit.framework in Frameworks */ = {isa = PBXBuildFile; fileRef = 2D57B87B1942D05A001E5F28 /* UIKit.framework */; };
		2D57B8A11942D05B001E5F28 /* InfoPlist.strings in Resources */ = {isa = PBXBuildFile; fileRef = 2D57B89F1942D05B001E5F28 /* InfoPlist.strings */; };
		2D57B8A31942D05B001E5F28 /* DJDemocracyTests.m in Sources */ = {isa = PBXBuildFile; fileRef = 2D57B8A21942D05B001E5F28 /* DJDemocracyTests.m */; };
		2D57B8AF1943635F001E5F28 /* DJDAPIController.m in Sources */ = {isa = PBXBuildFile; fileRef = 2D57B8AE1943635F001E5F28 /* DJDAPIController.m */; };
		2D57B8B319437549001E5F28 /* DJDSong.m in Sources */ = {isa = PBXBuildFile; fileRef = 2D57B8B219437549001E5F28 /* DJDSong.m */; };
		9AE9E72672E242AC83CFFD54 /* libPods.a in Frameworks */ = {isa = PBXBuildFile; fileRef = B750DB2CB5E446649CF6C63E /* libPods.a */; };
/* End PBXBuildFile section */

/* Begin PBXContainerItemProxy section */
		2D57B89A1942D05B001E5F28 /* PBXContainerItemProxy */ = {
			isa = PBXContainerItemProxy;
			containerPortal = 2D57B86C1942D05A001E5F28 /* Project object */;
			proxyType = 1;
			remoteGlobalIDString = 2D57B8731942D05A001E5F28;
			remoteInfo = DJDemocracy;
		};
/* End PBXContainerItemProxy section */

/* Begin PBXFileReference section */
		2D57B8741942D05A001E5F28 /* DJDemocracy.app */ = {isa = PBXFileReference; explicitFileType = wrapper.application; includeInIndex = 0; path = DJDemocracy.app; sourceTree = BUILT_PRODUCTS_DIR; };
		2D57B8771942D05A001E5F28 /* Foundation.framework */ = {isa = PBXFileReference; lastKnownFileType = wrapper.framework; name = Foundation.framework; path = System/Library/Frameworks/Foundation.framework; sourceTree = SDKROOT; };
		2D57B8791942D05A001E5F28 /* CoreGraphics.framework */ = {isa = PBXFileReference; lastKnownFileType = wrapper.framework; name = CoreGraphics.framework; path = System/Library/Frameworks/CoreGraphics.framework; sourceTree = SDKROOT; };
		2D57B87B1942D05A001E5F28 /* UIKit.framework */ = {isa = PBXFileReference; lastKnownFileType = wrapper.framework; name = UIKit.framework; path = System/Library/Frameworks/UIKit.framework; sourceTree = SDKROOT; };
		2D57B87F1942D05A001E5F28 /* DJDemocracy-Info.plist */ = {isa = PBXFileReference; lastKnownFileType = text.plist.xml; path = "DJDemocracy-Info.plist"; sourceTree = "<group>"; };
		2D57B8811942D05A001E5F28 /* en */ = {isa = PBXFileReference; lastKnownFileType = text.plist.strings; name = en; path = en.lproj/InfoPlist.strings; sourceTree = "<group>"; };
		2D57B8831942D05A001E5F28 /* main.m */ = {isa = PBXFileReference; lastKnownFileType = sourcecode.c.objc; path = main.m; sourceTree = "<group>"; };
		2D57B8851942D05A001E5F28 /* DJDemocracy-Prefix.pch */ = {isa = PBXFileReference; lastKnownFileType = sourcecode.c.h; path = "DJDemocracy-Prefix.pch"; sourceTree = "<group>"; };
		2D57B8861942D05A001E5F28 /* DJDAppDelegate.h */ = {isa = PBXFileReference; lastKnownFileType = sourcecode.c.h; path = DJDAppDelegate.h; sourceTree = "<group>"; };
		2D57B8871942D05A001E5F28 /* DJDAppDelegate.m */ = {isa = PBXFileReference; lastKnownFileType = sourcecode.c.objc; path = DJDAppDelegate.m; sourceTree = "<group>"; };
		2D57B88A1942D05A001E5F28 /* Base */ = {isa = PBXFileReference; lastKnownFileType = file.storyboard; name = Base; path = Base.lproj/Main.storyboard; sourceTree = "<group>"; };
		2D57B88C1942D05A001E5F28 /* DJDViewController.h */ = {isa = PBXFileReference; lastKnownFileType = sourcecode.c.h; path = DJDViewController.h; sourceTree = "<group>"; };
		2D57B88D1942D05A001E5F28 /* DJDViewController.m */ = {isa = PBXFileReference; lastKnownFileType = sourcecode.c.objc; path = DJDViewController.m; sourceTree = "<group>"; };
		2D57B88F1942D05A001E5F28 /* Images.xcassets */ = {isa = PBXFileReference; lastKnownFileType = folder.assetcatalog; path = Images.xcassets; sourceTree = "<group>"; };
		2D57B8951942D05B001E5F28 /* DJDemocracyTests.xctest */ = {isa = PBXFileReference; explicitFileType = wrapper.cfbundle; includeInIndex = 0; path = DJDemocracyTests.xctest; sourceTree = BUILT_PRODUCTS_DIR; };
		2D57B8961942D05B001E5F28 /* XCTest.framework */ = {isa = PBXFileReference; lastKnownFileType = wrapper.framework; name = XCTest.framework; path = Library/Frameworks/XCTest.framework; sourceTree = DEVELOPER_DIR; };
		2D57B89E1942D05B001E5F28 /* DJDemocracyTests-Info.plist */ = {isa = PBXFileReference; lastKnownFileType = text.plist.xml; path = "DJDemocracyTests-Info.plist"; sourceTree = "<group>"; };
		2D57B8A01942D05B001E5F28 /* en */ = {isa = PBXFileReference; lastKnownFileType = text.plist.strings; name = en; path = en.lproj/InfoPlist.strings; sourceTree = "<group>"; };
		2D57B8A21942D05B001E5F28 /* DJDemocracyTests.m */ = {isa = PBXFileReference; lastKnownFileType = sourcecode.c.objc; path = DJDemocracyTests.m; sourceTree = "<group>"; };
		2D57B8AD1943635F001E5F28 /* DJDAPIController.h */ = {isa = PBXFileReference; fileEncoding = 4; lastKnownFileType = sourcecode.c.h; path = DJDAPIController.h; sourceTree = "<group>"; };
		2D57B8AE1943635F001E5F28 /* DJDAPIController.m */ = {isa = PBXFileReference; fileEncoding = 4; lastKnownFileType = sourcecode.c.objc; path = DJDAPIController.m; sourceTree = "<group>"; };
		2D57B8B119437549001E5F28 /* DJDSong.h */ = {isa = PBXFileReference; fileEncoding = 4; lastKnownFileType = sourcecode.c.h; path = DJDSong.h; sourceTree = "<group>"; };
		2D57B8B219437549001E5F28 /* DJDSong.m */ = {isa = PBXFileReference; fileEncoding = 4; lastKnownFileType = sourcecode.c.objc; path = DJDSong.m; sourceTree = "<group>"; };
		3DC609F99B894C459FA4CC04 /* Pods.xcconfig */ = {isa = PBXFileReference; includeInIndex = 1; lastKnownFileType = text.xcconfig; name = Pods.xcconfig; path = ../Pods/Pods.xcconfig; sourceTree = "<group>"; };
		B750DB2CB5E446649CF6C63E /* libPods.a */ = {isa = PBXFileReference; explicitFileType = archive.ar; includeInIndex = 0; path = libPods.a; sourceTree = BUILT_PRODUCTS_DIR; };
/* End PBXFileReference section */

/* Begin PBXFrameworksBuildPhase section */
		2D57B8711942D05A001E5F28 /* Frameworks */ = {
			isa = PBXFrameworksBuildPhase;
			buildActionMask = 2147483647;
			files = (
				2D57B87A1942D05A001E5F28 /* CoreGraphics.framework in Frameworks */,
				2D57B87C1942D05A001E5F28 /* UIKit.framework in Frameworks */,
				2D57B8781942D05A001E5F28 /* Foundation.framework in Frameworks */,
				9AE9E72672E242AC83CFFD54 /* libPods.a in Frameworks */,
			);
			runOnlyForDeploymentPostprocessing = 0;
		};
		2D57B8921942D05B001E5F28 /* Frameworks */ = {
			isa = PBXFrameworksBuildPhase;
			buildActionMask = 2147483647;
			files = (
				2D57B8971942D05B001E5F28 /* XCTest.framework in Frameworks */,
				2D57B8991942D05B001E5F28 /* UIKit.framework in Frameworks */,
				2D57B8981942D05B001E5F28 /* Foundation.framework in Frameworks */,
			);
			runOnlyForDeploymentPostprocessing = 0;
		};
/* End PBXFrameworksBuildPhase section */

/* Begin PBXGroup section */
		2D57B86B1942D05A001E5F28 = {
			isa = PBXGroup;
			children = (
				2D57B87D1942D05A001E5F28 /* DJDemocracy */,
				2D57B89C1942D05B001E5F28 /* DJDemocracyTests */,
				2D57B8761942D05A001E5F28 /* Frameworks */,
				2D57B8751942D05A001E5F28 /* Products */,
				3DC609F99B894C459FA4CC04 /* Pods.xcconfig */,
			);
			sourceTree = "<group>";
		};
		2D57B8751942D05A001E5F28 /* Products */ = {
			isa = PBXGroup;
			children = (
				2D57B8741942D05A001E5F28 /* DJDemocracy.app */,
				2D57B8951942D05B001E5F28 /* DJDemocracyTests.xctest */,
			);
			name = Products;
			sourceTree = "<group>";
		};
		2D57B8761942D05A001E5F28 /* Frameworks */ = {
			isa = PBXGroup;
			children = (
				2D57B8771942D05A001E5F28 /* Foundation.framework */,
				2D57B8791942D05A001E5F28 /* CoreGraphics.framework */,
				2D57B87B1942D05A001E5F28 /* UIKit.framework */,
				2D57B8961942D05B001E5F28 /* XCTest.framework */,
				B750DB2CB5E446649CF6C63E /* libPods.a */,
			);
			name = Frameworks;
			sourceTree = "<group>";
		};
		2D57B87D1942D05A001E5F28 /* DJDemocracy */ = {
			isa = PBXGroup;
			children = (
				2D57B8B0194366E9001E5F28 /* Images */,
				2D57B8AC1943632E001E5F28 /* API */,
				2D57B8861942D05A001E5F28 /* DJDAppDelegate.h */,
				2D57B8871942D05A001E5F28 /* DJDAppDelegate.m */,
				2D57B8891942D05A001E5F28 /* Main.storyboard */,
				2D57B88C1942D05A001E5F28 /* DJDViewController.h */,
				2D57B88D1942D05A001E5F28 /* DJDViewController.m */,
				2D57B88F1942D05A001E5F28 /* Images.xcassets */,
				2D57B87E1942D05A001E5F28 /* Supporting Files */,
			);
			path = DJDemocracy;
			sourceTree = "<group>";
		};
		2D57B87E1942D05A001E5F28 /* Supporting Files */ = {
			isa = PBXGroup;
			children = (
				2D57B87F1942D05A001E5F28 /* DJDemocracy-Info.plist */,
				2D57B8801942D05A001E5F28 /* InfoPlist.strings */,
				2D57B8831942D05A001E5F28 /* main.m */,
				2D57B8851942D05A001E5F28 /* DJDemocracy-Prefix.pch */,
			);
			name = "Supporting Files";
			sourceTree = "<group>";
		};
		2D57B89C1942D05B001E5F28 /* DJDemocracyTests */ = {
			isa = PBXGroup;
			children = (
				2D57B8A21942D05B001E5F28 /* DJDemocracyTests.m */,
				2D57B89D1942D05B001E5F28 /* Supporting Files */,
			);
			path = DJDemocracyTests;
			sourceTree = "<group>";
		};
		2D57B89D1942D05B001E5F28 /* Supporting Files */ = {
			isa = PBXGroup;
			children = (
				2D57B89E1942D05B001E5F28 /* DJDemocracyTests-Info.plist */,
				2D57B89F1942D05B001E5F28 /* InfoPlist.strings */,
			);
			name = "Supporting Files";
			sourceTree = "<group>";
		};
		2D57B8AC1943632E001E5F28 /* API */ = {
			isa = PBXGroup;
			children = (
				2D57B8AD1943635F001E5F28 /* DJDAPIController.h */,
				2D57B8AE1943635F001E5F28 /* DJDAPIController.m */,
				2D57B8B119437549001E5F28 /* DJDSong.h */,
				2D57B8B219437549001E5F28 /* DJDSong.m */,
			);
			name = API;
			sourceTree = "<group>";
		};
		2D57B8B0194366E9001E5F28 /* Images */ = {
			isa = PBXGroup;
			children = (
			);
			name = Images;
			sourceTree = "<group>";
		};
/* End PBXGroup section */

/* Begin PBXNativeTarget section */
		2D57B8731942D05A001E5F28 /* DJDemocracy */ = {
			isa = PBXNativeTarget;
			buildConfigurationList = 2D57B8A61942D05B001E5F28 /* Build configuration list for PBXNativeTarget "DJDemocracy" */;
			buildPhases = (
				AE07A4E001F04924B78D841E /* Check Pods Manifest.lock */,
				2D57B8701942D05A001E5F28 /* Sources */,
				2D57B8711942D05A001E5F28 /* Frameworks */,
				2D57B8721942D05A001E5F28 /* Resources */,
				53B7CF76E43942F5872E7616 /* Copy Pods Resources */,
			);
			buildRules = (
			);
			dependencies = (
			);
			name = DJDemocracy;
			productName = DJDemocracy;
			productReference = 2D57B8741942D05A001E5F28 /* DJDemocracy.app */;
			productType = "com.apple.product-type.application";
		};
		2D57B8941942D05B001E5F28 /* DJDemocracyTests */ = {
			isa = PBXNativeTarget;
			buildConfigurationList = 2D57B8A91942D05B001E5F28 /* Build configuration list for PBXNativeTarget "DJDemocracyTests" */;
			buildPhases = (
				2D57B8911942D05B001E5F28 /* Sources */,
				2D57B8921942D05B001E5F28 /* Frameworks */,
				2D57B8931942D05B001E5F28 /* Resources */,
			);
			buildRules = (
			);
			dependencies = (
				2D57B89B1942D05B001E5F28 /* PBXTargetDependency */,
			);
			name = DJDemocracyTests;
			productName = DJDemocracyTests;
			productReference = 2D57B8951942D05B001E5F28 /* DJDemocracyTests.xctest */;
			productType = "com.apple.product-type.bundle.unit-test";
		};
/* End PBXNativeTarget section */

/* Begin PBXProject section */
		2D57B86C1942D05A001E5F28 /* Project object */ = {
			isa = PBXProject;
			attributes = {
				CLASSPREFIX = DJD;
				LastUpgradeCheck = 0510;
				ORGANIZATIONNAME = "DJ Democracy";
				TargetAttributes = {
					2D57B8941942D05B001E5F28 = {
						TestTargetID = 2D57B8731942D05A001E5F28;
					};
				};
			};
			buildConfigurationList = 2D57B86F1942D05A001E5F28 /* Build configuration list for PBXProject "DJDemocracy" */;
			compatibilityVersion = "Xcode 3.2";
			developmentRegion = English;
			hasScannedForEncodings = 0;
			knownRegions = (
				en,
				Base,
			);
			mainGroup = 2D57B86B1942D05A001E5F28;
			productRefGroup = 2D57B8751942D05A001E5F28 /* Products */;
			projectDirPath = "";
			projectRoot = "";
			targets = (
				2D57B8731942D05A001E5F28 /* DJDemocracy */,
				2D57B8941942D05B001E5F28 /* DJDemocracyTests */,
			);
		};
/* End PBXProject section */

/* Begin PBXResourcesBuildPhase section */
		2D57B8721942D05A001E5F28 /* Resources */ = {
			isa = PBXResourcesBuildPhase;
			buildActionMask = 2147483647;
			files = (
				2D57B8901942D05A001E5F28 /* Images.xcassets in Resources */,
				2D57B8821942D05A001E5F28 /* InfoPlist.strings in Resources */,
				2D57B88B1942D05A001E5F28 /* Main.storyboard in Resources */,
			);
			runOnlyForDeploymentPostprocessing = 0;
		};
		2D57B8931942D05B001E5F28 /* Resources */ = {
			isa = PBXResourcesBuildPhase;
			buildActionMask = 2147483647;
			files = (
				2D57B8A11942D05B001E5F28 /* InfoPlist.strings in Resources */,
			);
			runOnlyForDeploymentPostprocessing = 0;
		};
/* End PBXResourcesBuildPhase section */

/* Begin PBXShellScriptBuildPhase section */
		53B7CF76E43942F5872E7616 /* Copy Pods Resources */ = {
			isa = PBXShellScriptBuildPhase;
			buildActionMask = 2147483647;
			files = (
			);
			inputPaths = (
			);
			name = "Copy Pods Resources";
			outputPaths = (
			);
			runOnlyForDeploymentPostprocessing = 0;
			shellPath = /bin/sh;
			shellScript = "\"${SRCROOT}/../Pods/Pods-resources.sh\"\n";
			showEnvVarsInLog = 0;
		};
		AE07A4E001F04924B78D841E /* Check Pods Manifest.lock */ = {
			isa = PBXShellScriptBuildPhase;
			buildActionMask = 2147483647;
			files = (
			);
			inputPaths = (
			);
			name = "Check Pods Manifest.lock";
			outputPaths = (
			);
			runOnlyForDeploymentPostprocessing = 0;
			shellPath = /bin/sh;
			shellScript = "diff \"${PODS_ROOT}/../Podfile.lock\" \"${PODS_ROOT}/Manifest.lock\" > /dev/null\nif [[ $? != 0 ]] ; then\n    cat << EOM\nerror: The sandbox is not in sync with the Podfile.lock. Run 'pod install' or update your CocoaPods installation.\nEOM\n    exit 1\nfi\n";
			showEnvVarsInLog = 0;
		};
/* End PBXShellScriptBuildPhase section */

/* Begin PBXSourcesBuildPhase section */
		2D57B8701942D05A001E5F28 /* Sources */ = {
			isa = PBXSourcesBuildPhase;
			buildActionMask = 2147483647;
			files = (
				2D57B8B319437549001E5F28 /* DJDSong.m in Sources */,
				2D57B8841942D05A001E5F28 /* main.m in Sources */,
				2D57B8AF1943635F001E5F28 /* DJDAPIController.m in Sources */,
				2D57B8881942D05A001E5F28 /* DJDAppDelegate.m in Sources */,
				2D57B88E1942D05A001E5F28 /* DJDViewController.m in Sources */,
			);
			runOnlyForDeploymentPostprocessing = 0;
		};
		2D57B8911942D05B001E5F28 /* Sources */ = {
			isa = PBXSourcesBuildPhase;
			buildActionMask = 2147483647;
			files = (
				2D57B8A31942D05B001E5F28 /* DJDemocracyTests.m in Sources */,
			);
			runOnlyForDeploymentPostprocessing = 0;
		};
/* End PBXSourcesBuildPhase section */

/* Begin PBXTargetDependency section */
		2D57B89B1942D05B001E5F28 /* PBXTargetDependency */ = {
			isa = PBXTargetDependency;
			target = 2D57B8731942D05A001E5F28 /* DJDemocracy */;
			targetProxy = 2D57B89A1942D05B001E5F28 /* PBXContainerItemProxy */;
		};
/* End PBXTargetDependency section */

/* Begin PBXVariantGroup section */
		2D57B8801942D05A001E5F28 /* InfoPlist.strings */ = {
			isa = PBXVariantGroup;
			children = (
				2D57B8811942D05A001E5F28 /* en */,
			);
			name = InfoPlist.strings;
			sourceTree = "<group>";
		};
		2D57B8891942D05A001E5F28 /* Main.storyboard */ = {
			isa = PBXVariantGroup;
			children = (
				2D57B88A1942D05A001E5F28 /* Base */,
			);
			name = Main.storyboard;
			sourceTree = "<group>";
		};
		2D57B89F1942D05B001E5F28 /* InfoPlist.strings */ = {
			isa = PBXVariantGroup;
			children = (
				2D57B8A01942D05B001E5F28 /* en */,
			);
			name = InfoPlist.strings;
			sourceTree = "<group>";
		};
/* End PBXVariantGroup section */

/* Begin XCBuildConfiguration section */
		2D57B8A41942D05B001E5F28 /* Debug */ = {
			isa = XCBuildConfiguration;
			buildSettings = {
				ALWAYS_SEARCH_USER_PATHS = NO;
				CLANG_CXX_LANGUAGE_STANDARD = "gnu++0x";
				CLANG_CXX_LIBRARY = "libc++";
				CLANG_ENABLE_MODULES = YES;
				CLANG_ENABLE_OBJC_ARC = YES;
				CLANG_WARN_BOOL_CONVERSION = YES;
				CLANG_WARN_CONSTANT_CONVERSION = YES;
				CLANG_WARN_DIRECT_OBJC_ISA_USAGE = YES_ERROR;
				CLANG_WARN_EMPTY_BODY = YES;
				CLANG_WARN_ENUM_CONVERSION = YES;
				CLANG_WARN_INT_CONVERSION = YES;
				CLANG_WARN_OBJC_ROOT_CLASS = YES_ERROR;
				CLANG_WARN__DUPLICATE_METHOD_MATCH = YES;
				"CODE_SIGN_IDENTITY[sdk=iphoneos*]" = "iPhone Developer";
				COPY_PHASE_STRIP = NO;
				GCC_C_LANGUAGE_STANDARD = gnu99;
				GCC_DYNAMIC_NO_PIC = NO;
				GCC_OPTIMIZATION_LEVEL = 0;
				GCC_PREPROCESSOR_DEFINITIONS = (
					"DEBUG=1",
					"$(inherited)",
				);
				GCC_SYMBOLS_PRIVATE_EXTERN = NO;
				GCC_WARN_64_TO_32_BIT_CONVERSION = YES;
				GCC_WARN_ABOUT_RETURN_TYPE = YES_ERROR;
				GCC_WARN_UNDECLARED_SELECTOR = YES;
				GCC_WARN_UNINITIALIZED_AUTOS = YES_AGGRESSIVE;
				GCC_WARN_UNUSED_FUNCTION = YES;
				GCC_WARN_UNUSED_VARIABLE = YES;
				IPHONEOS_DEPLOYMENT_TARGET = 7.1;
				ONLY_ACTIVE_ARCH = YES;
				SDKROOT = iphoneos;
			};
			name = Debug;
		};
		2D57B8A51942D05B001E5F28 /* Release */ = {
			isa = XCBuildConfiguration;
			buildSettings = {
				ALWAYS_SEARCH_USER_PATHS = NO;
				CLANG_CXX_LANGUAGE_STANDARD = "gnu++0x";
				CLANG_CXX_LIBRARY = "libc++";
				CLANG_ENABLE_MODULES = YES;
				CLANG_ENABLE_OBJC_ARC = YES;
				CLANG_WARN_BOOL_CONVERSION = YES;
				CLANG_WARN_CONSTANT_CONVERSION = YES;
				CLANG_WARN_DIRECT_OBJC_ISA_USAGE = YES_ERROR;
				CLANG_WARN_EMPTY_BODY = YES;
				CLANG_WARN_ENUM_CONVERSION = YES;
				CLANG_WARN_INT_CONVERSION = YES;
				CLANG_WARN_OBJC_ROOT_CLASS = YES_ERROR;
				CLANG_WARN__DUPLICATE_METHOD_MATCH = YES;
				"CODE_SIGN_IDENTITY[sdk=iphoneos*]" = "iPhone Developer";
				COPY_PHASE_STRIP = YES;
				ENABLE_NS_ASSERTIONS = NO;
				GCC_C_LANGUAGE_STANDARD = gnu99;
				GCC_WARN_64_TO_32_BIT_CONVERSION = YES;
				GCC_WARN_ABOUT_RETURN_TYPE = YES_ERROR;
				GCC_WARN_UNDECLARED_SELECTOR = YES;
				GCC_WARN_UNINITIALIZED_AUTOS = YES_AGGRESSIVE;
				GCC_WARN_UNUSED_FUNCTION = YES;
				GCC_WARN_UNUSED_VARIABLE = YES;
				IPHONEOS_DEPLOYMENT_TARGET = 7.1;
				SDKROOT = iphoneos;
				VALIDATE_PRODUCT = YES;
			};
			name = Release;
		};
		2D57B8A71942D05B001E5F28 /* Debug */ = {
			isa = XCBuildConfiguration;
			baseConfigurationReference = 3DC609F99B894C459FA4CC04 /* Pods.xcconfig */;
			buildSettings = {
				ASSETCATALOG_COMPILER_APPICON_NAME = AppIcon;
				ASSETCATALOG_COMPILER_LAUNCHIMAGE_NAME = LaunchImage;
				GCC_PRECOMPILE_PREFIX_HEADER = YES;
				GCC_PREFIX_HEADER = "DJDemocracy/DJDemocracy-Prefix.pch";
				INFOPLIST_FILE = "DJDemocracy/DJDemocracy-Info.plist";
				PRODUCT_NAME = "$(TARGET_NAME)";
				WRAPPER_EXTENSION = app;
			};
			name = Debug;
		};
		2D57B8A81942D05B001E5F28 /* Release */ = {
			isa = XCBuildConfiguration;
			baseConfigurationReference = 3DC609F99B894C459FA4CC04 /* Pods.xcconfig */;
			buildSettings = {
				ASSETCATALOG_COMPILER_APPICON_NAME = AppIcon;
				ASSETCATALOG_COMPILER_LAUNCHIMAGE_NAME = LaunchImage;
				GCC_PRECOMPILE_PREFIX_HEADER = YES;
				GCC_PREFIX_HEADER = "DJDemocracy/DJDemocracy-Prefix.pch";
				INFOPLIST_FILE = "DJDemocracy/DJDemocracy-Info.plist";
				PRODUCT_NAME = "$(TARGET_NAME)";
				WRAPPER_EXTENSION = app;
			};
			name = Release;
		};
		2D57B8AA1942D05B001E5F28 /* Debug */ = {
			isa = XCBuildConfiguration;
			buildSettings = {
				BUNDLE_LOADER = "$(BUILT_PRODUCTS_DIR)/DJDemocracy.app/DJDemocracy";
				FRAMEWORK_SEARCH_PATHS = (
					"$(SDKROOT)/Developer/Library/Frameworks",
					"$(inherited)",
					"$(DEVELOPER_FRAMEWORKS_DIR)",
				);
				GCC_PRECOMPILE_PREFIX_HEADER = YES;
				GCC_PREFIX_HEADER = "DJDemocracy/DJDemocracy-Prefix.pch";
				GCC_PREPROCESSOR_DEFINITIONS = (
					"DEBUG=1",
					"$(inherited)",
				);
				INFOPLIST_FILE = "DJDemocracyTests/DJDemocracyTests-Info.plist";
				PRODUCT_NAME = "$(TARGET_NAME)";
				TEST_HOST = "$(BUNDLE_LOADER)";
				WRAPPER_EXTENSION = xctest;
			};
			name = Debug;
		};
		2D57B8AB1942D05B001E5F28 /* Release */ = {
			isa = XCBuildConfiguration;
			buildSettings = {
				BUNDLE_LOADER = "$(BUILT_PRODUCTS_DIR)/DJDemocracy.app/DJDemocracy";
				FRAMEWORK_SEARCH_PATHS = (
					"$(SDKROOT)/Developer/Library/Frameworks",
					"$(inherited)",
					"$(DEVELOPER_FRAMEWORKS_DIR)",
				);
				GCC_PRECOMPILE_PREFIX_HEADER = YES;
				GCC_PREFIX_HEADER = "DJDemocracy/DJDemocracy-Prefix.pch";
				INFOPLIST_FILE = "DJDemocracyTests/DJDemocracyTests-Info.plist";
				PRODUCT_NAME = "$(TARGET_NAME)";
				TEST_HOST = "$(BUNDLE_LOADER)";
				WRAPPER_EXTENSION = xctest;
			};
			name = Release;
		};
/* End XCBuildConfiguration section */

/* Begin XCConfigurationList section */
		2D57B86F1942D05A001E5F28 /* Build configuration list for PBXProject "DJDemocracy" */ = {
			isa = XCConfigurationList;
			buildConfigurations = (
				2D57B8A41942D05B001E5F28 /* Debug */,
				2D57B8A51942D05B001E5F28 /* Release */,
			);
			defaultConfigurationIsVisible = 0;
			defaultConfigurationName = Release;
		};
		2D57B8A61942D05B001E5F28 /* Build configuration list for PBXNativeTarget "DJDemocracy" */ = {
			isa = XCConfigurationList;
			buildConfigurations = (
				2D57B8A71942D05B001E5F28 /* Debug */,
				2D57B8A81942D05B001E5F28 /* Release */,
			);
			defaultConfigurationIsVisible = 0;
			defaultConfigurationName = Release;
		};
		2D57B8A91942D05B001E5F28 /* Build configuration list for PBXNativeTarget "DJDemocracyTests" */ = {
			isa = XCConfigurationList;
			buildConfigurations = (
				2D57B8AA1942D05B001E5F28 /* Debug */,
				2D57B8AB1942D05B001E5F28 /* Release */,
			);
			defaultConfigurationIsVisible = 0;
			defaultConfigurationName = Release;
		};
/* End XCConfigurationList section */
	};
	rootObject = 2D57B86C1942D05A001E5F28 /* Project object */;
}
